
Microsoft Visual Studio Solution File, Format Version 12.00
# Visual Studio Version 17
VisualStudioVersion = 17.2.32526.322
MinimumVisualStudioVersion = 10.0.40219.1
Project("{FAE04EC0-301F-11D3-BF4B-00C04F79EFBC}") = "XmlFileImportApp", "XmlFileImportApp\XmlFileImportApp.csproj", "{C07BB6AC-31BA-43C5-B353-D981120A4593}"
EndProject
Project("{FAE04EC0-301F-11D3-BF4B-00C04F79EFBC}") = "XmlFileImportBase", "XmlFileImportBase\XmlFileImportBase.csproj", "{47BED4E1-2529-4D92-A7E6-1F081D0F1078}"
EndProject
Project("{FAE04EC0-301F-11D3-BF4B-00C04F79EFBC}") = "XmlFileImportWPF", "XmlFileImportWPF\XmlFileImportWPF.csproj", "{87377F4F-FE7B-4AB4-85AF-4785748B1CA6}"
EndProject
Global
	GlobalSection(SolutionConfigurationPlatforms) = preSolution
		Debug|Any CPU = Debug|Any CPU
		Release|Any CPU = Release|Any CPU
	EndGlobalSection
	GlobalSection(ProjectConfigurationPlatforms) = postSolution
		{C07BB6AC-31BA-43C5-B353-D981120A4593}.Debug|Any CPU.ActiveCfg = Debug|Any CPU
		{C07BB6AC-31BA-43C5-B353-D981120A4593}.Debug|Any CPU.Build.0 = Debug|Any CPU
		{C07BB6AC-31BA-43C5-B353-D981120A4593}.Release|Any CPU.ActiveCfg = Release|Any CPU
		{C07BB6AC-31BA-43C5-B353-D981120A4593}.Release|Any CPU.Build.0 = Release|Any CPU
		{47BED4E1-2529-4D92-A7E6-1F081D0F1078}.Debug|Any CPU.ActiveCfg = Debug|Any CPU
		{47BED4E1-2529-4D92-A7E6-1F081D0F1078}.Debug|Any CPU.Build.0 = Debug|Any CPU
		{47BED4E1-2529-4D92-A7E6-1F081D0F1078}.Release|Any CPU.ActiveCfg = Release|Any CPU
		{47BED4E1-2529-4D92-A7E6-1F081D0F1078}.Release|Any CPU.Build.0 = Release|Any CPU
		{87377F4F-FE7B-4AB4-85AF-4785748B1CA6}.Debug|Any CPU.ActiveCfg = Debug|Any CPU
		{87377F4F-FE7B-4AB4-85AF-4785748B1CA6}.Debug|Any CPU.Build.0 = Debug|Any CPU
		{87377F4F-FE7B-4AB4-85AF-4785748B1CA6}.Release|Any CPU.ActiveCfg = Release|Any CPU
		{87377F4F-FE7B-4AB4-85AF-4785748B1CA6}.Release|Any CPU.Build.0 = Release|Any CPU
	EndGlobalSection
	GlobalSection(SolutionProperties) = preSolution
		HideSolutionNode = FALSE
	EndGlobalSection
	GlobalSection(ExtensibilityGlobals) = postSolution
		SolutionGuid = {147D175D-65BD-4AAD-B8F5-EF3301CAF6AF}
	EndGlobalSection
EndGlobal
